// !$*UTF8*$!
{
	archiveVersion = 1;
	classes = {
	};
	objectVersion = 56;
	objects = {

/* Begin PBXBuildFile section */
		07232ACD2A816DD9004FD64D /* FilmCollectionViewCell.swift in Sources */ = {isa = PBXBuildFile; fileRef = 07232ACC2A816DD9004FD64D /* FilmCollectionViewCell.swift */; };
		07232ACF2A816DE4004FD64D /* Film.swift in Sources */ = {isa = PBXBuildFile; fileRef = 07232ACE2A816DE4004FD64D /* Film.swift */; };
		078F7F4F2A816D650097D6D4 /* AppDelegate.swift in Sources */ = {isa = PBXBuildFile; fileRef = 078F7F4E2A816D650097D6D4 /* AppDelegate.swift */; };
		078F7F512A816D650097D6D4 /* SceneDelegate.swift in Sources */ = {isa = PBXBuildFile; fileRef = 078F7F502A816D650097D6D4 /* SceneDelegate.swift */; };
		078F7F532A816D650097D6D4 /* ViewController.swift in Sources */ = {isa = PBXBuildFile; fileRef = 078F7F522A816D650097D6D4 /* ViewController.swift */; };
		078F7F562A816D650097D6D4 /* Main.storyboard in Resources */ = {isa = PBXBuildFile; fileRef = 078F7F542A816D650097D6D4 /* Main.storyboard */; };
		078F7F582A816D680097D6D4 /* Assets.xcassets in Resources */ = {isa = PBXBuildFile; fileRef = 078F7F572A816D680097D6D4 /* Assets.xcassets */; };
		078F7F5B2A816D680097D6D4 /* LaunchScreen.storyboard in Resources */ = {isa = PBXBuildFile; fileRef = 078F7F592A816D680097D6D4 /* LaunchScreen.storyboard */; };
		078F7F662A816D690097D6D4 /* Film_SepetimTests.swift in Sources */ = {isa = PBXBuildFile; fileRef = 078F7F652A816D690097D6D4 /* Film_SepetimTests.swift */; };
		078F7F702A816D690097D6D4 /* Film_SepetimUITests.swift in Sources */ = {isa = PBXBuildFile; fileRef = 078F7F6F2A816D690097D6D4 /* Film_SepetimUITests.swift */; };
		078F7F722A816D690097D6D4 /* Film_SepetimUITestsLaunchTests.swift in Sources */ = {isa = PBXBuildFile; fileRef = 078F7F712A816D690097D6D4 /* Film_SepetimUITestsLaunchTests.swift */; };
/* End PBXBuildFile section */

/* Begin PBXContainerItemProxy section */
		078F7F622A816D690097D6D4 /* PBXContainerItemProxy */ = {
			isa = PBXContainerItemProxy;
			containerPortal = 078F7F432A816D650097D6D4 /* Project object */;
			proxyType = 1;
			remoteGlobalIDString = 078F7F4A2A816D650097D6D4;
			remoteInfo = "Film Sepetim";
		};
		078F7F6C2A816D690097D6D4 /* PBXContainerItemProxy */ = {
			isa = PBXContainerItemProxy;
			containerPortal = 078F7F432A816D650097D6D4 /* Project object */;
			proxyType = 1;
			remoteGlobalIDString = 078F7F4A2A816D650097D6D4;
			remoteInfo = "Film Sepetim";
		};
/* End PBXContainerItemProxy section */

/* Begin PBXFileReference section */
		07232ACC2A816DD9004FD64D /* FilmCollectionViewCell.swift */ = {isa = PBXFileReference; fileEncoding = 4; lastKnownFileType = sourcecode.swift; path = FilmCollectionViewCell.swift; sourceTree = "<group>"; };
		07232ACE2A816DE4004FD64D /* Film.swift */ = {isa = PBXFileReference; lastKnownFileType = sourcecode.swift; path = Film.swift; sourceTree = "<group>"; };
		078F7F4B2A816D650097D6D4 /* Film Sepetim.app */ = {isa = PBXFileReference; explicitFileType = wrapper.application; includeInIndex = 0; path = "Film Sepetim.app"; sourceTree = BUILT_PRODUCTS_DIR; };
		078F7F4E2A816D650097D6D4 /* AppDelegate.swift */ = {isa = PBXFileReference; lastKnownFileType = sourcecode.swift; path = AppDelegate.swift; sourceTree = "<group>"; };
		078F7F502A816D650097D6D4 /* SceneDelegate.swift */ = {isa = PBXFileReference; lastKnownFileType = sourcecode.swift; path = SceneDelegate.swift; sourceTree = "<group>"; };
		078F7F522A816D650097D6D4 /* ViewController.swift */ = {isa = PBXFileReference; lastKnownFileType = sourcecode.swift; path = ViewController.swift; sourceTree = "<group>"; };
		078F7F552A816D650097D6D4 /* Base */ = {isa = PBXFileReference; lastKnownFileType = file.storyboard; name = Base; path = Base.lproj/Main.storyboard; sourceTree = "<group>"; };
		078F7F572A816D680097D6D4 /* Assets.xcassets */ = {isa = PBXFileReference; lastKnownFileType = folder.assetcatalog; path = Assets.xcassets; sourceTree = "<group>"; };
		078F7F5A2A816D680097D6D4 /* Base */ = {isa = PBXFileReference; lastKnownFileType = file.storyboard; name = Base; path = Base.lproj/LaunchScreen.storyboard; sourceTree = "<group>"; };
		078F7F5C2A816D680097D6D4 /* Info.plist */ = {isa = PBXFileReference; lastKnownFileType = text.plist.xml; path = Info.plist; sourceTree = "<group>"; };
		078F7F612A816D690097D6D4 /* Film SepetimTests.xctest */ = {isa = PBXFileReference; explicitFileType = wrapper.cfbundle; includeInIndex = 0; path = "Film SepetimTests.xctest"; sourceTree = BUILT_PRODUCTS_DIR; };
		078F7F652A816D690097D6D4 /* Film_SepetimTests.swift */ = {isa = PBXFileReference; lastKnownFileType = sourcecode.swift; path = Film_SepetimTests.swift; sourceTree = "<group>"; };
		078F7F6B2A816D690097D6D4 /* Film SepetimUITests.xctest */ = {isa = PBXFileReference; explicitFileType = wrapper.cfbundle; includeInIndex = 0; path = "Film SepetimUITests.xctest"; sourceTree = BUILT_PRODUCTS_DIR; };
		078F7F6F2A816D690097D6D4 /* Film_SepetimUITests.swift */ = {isa = PBXFileReference; lastKnownFileType = sourcecode.swift; path = Film_SepetimUITests.swift; sourceTree = "<group>"; };
		078F7F712A816D690097D6D4 /* Film_SepetimUITestsLaunchTests.swift */ = {isa = PBXFileReference; lastKnownFileType = sourcecode.swift; path = Film_SepetimUITestsLaunchTests.swift; sourceTree = "<group>"; };
/* End PBXFileReference section */

/* Begin PBXFrameworksBuildPhase section */
		078F7F482A816D650097D6D4 /* Frameworks */ = {
			isa = PBXFrameworksBuildPhase;
			buildActionMask = 2147483647;
			files = (
			);
			runOnlyForDeploymentPostprocessing = 0;
		};
		078F7F5E2A816D690097D6D4 /* Frameworks */ = {
			isa = PBXFrameworksBuildPhase;
			buildActionMask = 2147483647;
			files = (
			);
			runOnlyForDeploymentPostprocessing = 0;
		};
		078F7F682A816D690097D6D4 /* Frameworks */ = {
			isa = PBXFrameworksBuildPhase;
			buildActionMask = 2147483647;
			files = (
			);
			runOnlyForDeploymentPostprocessing = 0;
		};
/* End PBXFrameworksBuildPhase section */

/* Begin PBXGroup section */
		078F7F422A816D650097D6D4 = {
			isa = PBXGroup;
			children = (
				078F7F4D2A816D650097D6D4 /* Film Sepetim */,
				078F7F642A816D690097D6D4 /* Film SepetimTests */,
				078F7F6E2A816D690097D6D4 /* Film SepetimUITests */,
				078F7F4C2A816D650097D6D4 /* Products */,
			);
			sourceTree = "<group>";
		};
		078F7F4C2A816D650097D6D4 /* Products */ = {
			isa = PBXGroup;
			children = (
				078F7F4B2A816D650097D6D4 /* Film Sepetim.app */,
				078F7F612A816D690097D6D4 /* Film SepetimTests.xctest */,
				078F7F6B2A816D690097D6D4 /* Film SepetimUITests.xctest */,
			);
			name = Products;
			sourceTree = "<group>";
		};
		078F7F4D2A816D650097D6D4 /* Film Sepetim */ = {
			isa = PBXGroup;
			children = (
				078F7F4E2A816D650097D6D4 /* AppDelegate.swift */,
				078F7F502A816D650097D6D4 /* SceneDelegate.swift */,
				078F7F522A816D650097D6D4 /* ViewController.swift */,
				07232ACC2A816DD9004FD64D /* FilmCollectionViewCell.swift */,
				07232ACE2A816DE4004FD64D /* Film.swift */,
				078F7F542A816D650097D6D4 /* Main.storyboard */,
				078F7F572A816D680097D6D4 /* Assets.xcassets */,
				078F7F592A816D680097D6D4 /* LaunchScreen.storyboard */,
				078F7F5C2A816D680097D6D4 /* Info.plist */,
			);
			path = "Film Sepetim";
			sourceTree = "<group>";
		};
		078F7F642A816D690097D6D4 /* Film SepetimTests */ = {
			isa = PBXGroup;
			children = (
				078F7F652A816D690097D6D4 /* Film_SepetimTests.swift */,
			);
			path = "Film SepetimTests";
			sourceTree = "<group>";
		};
		078F7F6E2A816D690097D6D4 /* Film SepetimUITests */ = {
			isa = PBXGroup;
			children = (
				078F7F6F2A816D690097D6D4 /* Film_SepetimUITests.swift */,
				078F7F712A816D690097D6D4 /* Film_SepetimUITestsLaunchTests.swift */,
			);
			path = "Film SepetimUITests";
			sourceTree = "<group>";
		};
/* End PBXGroup section */

/* Begin PBXNativeTarget section */
		078F7F4A2A816D650097D6D4 /* Film Sepetim */ = {
			isa = PBXNativeTarget;
			buildConfigurationList = 078F7F752A816D690097D6D4 /* Build configuration list for PBXNativeTarget "Film Sepetim" */;
			buildPhases = (
				078F7F472A816D650097D6D4 /* Sources */,
				078F7F482A816D650097D6D4 /* Frameworks */,
				078F7F492A816D650097D6D4 /* Resources */,
			);
			buildRules = (
			);
			dependencies = (
			);
			name = "Film Sepetim";
			productName = "Film Sepetim";
			productReference = 078F7F4B2A816D650097D6D4 /* Film Sepetim.app */;
			productType = "com.apple.product-type.application";
		};
		078F7F602A816D690097D6D4 /* Film SepetimTests */ = {
			isa = PBXNativeTarget;
			buildConfigurationList = 078F7F782A816D690097D6D4 /* Build configuration list for PBXNativeTarget "Film SepetimTests" */;
			buildPhases = (
				078F7F5D2A816D690097D6D4 /* Sources */,
				078F7F5E2A816D690097D6D4 /* Frameworks */,
				078F7F5F2A816D690097D6D4 /* Resources */,
			);
			buildRules = (
			);
			dependencies = (
				078F7F632A816D690097D6D4 /* PBXTargetDependency */,
			);
			name = "Film SepetimTests";
			productName = "Film SepetimTests";
			productReference = 078F7F612A816D690097D6D4 /* Film SepetimTests.xctest */;
			productType = "com.apple.product-type.bundle.unit-test";
		};
		078F7F6A2A816D690097D6D4 /* Film SepetimUITests */ = {
			isa = PBXNativeTarget;
			buildConfigurationList = 078F7F7B2A816D690097D6D4 /* Build configuration list for PBXNativeTarget "Film SepetimUITests" */;
			buildPhases = (
				078F7F672A816D690097D6D4 /* Sources */,
				078F7F682A816D690097D6D4 /* Frameworks */,
				078F7F692A816D690097D6D4 /* Resources */,
			);
			buildRules = (
			);
			dependencies = (
				078F7F6D2A816D690097D6D4 /* PBXTargetDependency */,
			);
			name = "Film SepetimUITests";
			productName = "Film SepetimUITests";
			productReference = 078F7F6B2A816D690097D6D4 /* Film SepetimUITests.xctest */;
			productType = "com.apple.product-type.bundle.ui-testing";
		};
/* End PBXNativeTarget section */

/* Begin PBXProject section */
		078F7F432A816D650097D6D4 /* Project object */ = {
			isa = PBXProject;
			attributes = {
				BuildIndependentTargetsInParallel = 1;
				LastSwiftUpdateCheck = 1500;
				LastUpgradeCheck = 1500;
				TargetAttributes = {
					078F7F4A2A816D650097D6D4 = {
						CreatedOnToolsVersion = 15.0;
					};
					078F7F602A816D690097D6D4 = {
						CreatedOnToolsVersion = 15.0;
						TestTargetID = 078F7F4A2A816D650097D6D4;
					};
					078F7F6A2A816D690097D6D4 = {
						CreatedOnToolsVersion = 15.0;
						TestTargetID = 078F7F4A2A816D650097D6D4;
					};
				};
			};
			buildConfigurationList = 078F7F462A816D650097D6D4 /* Build configuration list for PBXProject "Film Sepetim" */;
			compatibilityVersion = "Xcode 14.0";
			developmentRegion = en;
			hasScannedForEncodings = 0;
			knownRegions = (
				en,
				Base,
			);
			mainGroup = 078F7F422A816D650097D6D4;
			productRefGroup = 078F7F4C2A816D650097D6D4 /* Products */;
			projectDirPath = "";
			projectRoot = "";
			targets = (
				078F7F4A2A816D650097D6D4 /* Film Sepetim */,
				078F7F602A816D690097D6D4 /* Film SepetimTests */,
				078F7F6A2A816D690097D6D4 /* Film SepetimUITests */,
			);
		};
/* End PBXProject section */

/* Begin PBXResourcesBuildPhase section */
		078F7F492A816D650097D6D4 /* Resources */ = {
			isa = PBXResourcesBuildPhase;
			buildActionMask = 2147483647;
			files = (
				078F7F5B2A816D680097D6D4 /* LaunchScreen.storyboard in Resources */,
				078F7F582A816D680097D6D4 /* Assets.xcassets in Resources */,
				078F7F562A816D650097D6D4 /* Main.storyboard in Resources */,
			);
			runOnlyForDeploymentPostprocessing = 0;
		};
		078F7F5F2A816D690097D6D4 /* Resources */ = {
			isa = PBXResourcesBuildPhase;
			buildActionMask = 2147483647;
			files = (
			);
			runOnlyForDeploymentPostprocessing = 0;
		};
		078F7F692A816D690097D6D4 /* Resources */ = {
			isa = PBXResourcesBuildPhase;
			buildActionMask = 2147483647;
			files = (
			);
			runOnlyForDeploymentPostprocessing = 0;
		};
/* End PBXResourcesBuildPhase section */

/* Begin PBXSourcesBuildPhase section */
		078F7F472A816D650097D6D4 /* Sources */ = {
			isa = PBXSourcesBuildPhase;
			buildActionMask = 2147483647;
			files = (
				07232ACF2A816DE4004FD64D /* Film.swift in Sources */,
				078F7F532A816D650097D6D4 /* ViewController.swift in Sources */,
				078F7F4F2A816D650097D6D4 /* AppDelegate.swift in Sources */,
				07232ACD2A816DD9004FD64D /* FilmCollectionViewCell.swift in Sources */,
				078F7F512A816D650097D6D4 /* SceneDelegate.swift in Sources */,
			);
			runOnlyForDeploymentPostprocessing = 0;
		};
		078F7F5D2A816D690097D6D4 /* Sources */ = {
			isa = PBXSourcesBuildPhase;
			buildActionMask = 2147483647;
			files = (
				078F7F662A816D690097D6D4 /* Film_SepetimTests.swift in Sources */,
			);
			runOnlyForDeploymentPostprocessing = 0;
		};
		078F7F672A816D690097D6D4 /* Sources */ = {
			isa = PBXSourcesBuildPhase;
			buildActionMask = 2147483647;
			files = (
				078F7F722A816D690097D6D4 /* Film_SepetimUITestsLaunchTests.swift in Sources */,
				078F7F702A816D690097D6D4 /* Film_SepetimUITests.swift in Sources */,
			);
			runOnlyForDeploymentPostprocessing = 0;
		};
/* End PBXSourcesBuildPhase section */

/* Begin PBXTargetDependency section */
		078F7F632A816D690097D6D4 /* PBXTargetDependency */ = {
			isa = PBXTargetDependency;
			target = 078F7F4A2A816D650097D6D4 /* Film Sepetim */;
			targetProxy = 078F7F622A816D690097D6D4 /* PBXContainerItemProxy */;
		};
		078F7F6D2A816D690097D6D4 /* PBXTargetDependency */ = {
			isa = PBXTargetDependency;
			target = 078F7F4A2A816D650097D6D4 /* Film Sepetim */;
			targetProxy = 078F7F6C2A816D690097D6D4 /* PBXContainerItemProxy */;
		};
/* End PBXTargetDependency section */

/* Begin PBXVariantGroup section */
		078F7F542A816D650097D6D4 /* Main.storyboard */ = {
			isa = PBXVariantGroup;
			children = (
				078F7F552A816D650097D6D4 /* Base */,
			);
			name = Main.storyboard;
			sourceTree = "<group>";
		};
		078F7F592A816D680097D6D4 /* LaunchScreen.storyboard */ = {
			isa = PBXVariantGroup;
			children = (
				078F7F5A2A816D680097D6D4 /* Base */,
			);
			name = LaunchScreen.storyboard;
			sourceTree = "<group>";
		};
/* End PBXVariantGroup section */

/* Begin XCBuildConfiguration section */
		078F7F732A816D690097D6D4 /* Debug */ = {
			isa = XCBuildConfiguration;
			buildSettings = {
				ALWAYS_SEARCH_USER_PATHS = NO;
				ASSETCATALOG_COMPILER_GENERATE_SWIFT_ASSET_SYMBOL_EXTENSIONS = YES;
				CLANG_ANALYZER_NONNULL = YES;
				CLANG_ANALYZER_NUMBER_OBJECT_CONVERSION = YES_AGGRESSIVE;
				CLANG_CXX_LANGUAGE_STANDARD = "gnu++20";
				CLANG_ENABLE_MODULES = YES;
				CLANG_ENABLE_OBJC_ARC = YES;
				CLANG_ENABLE_OBJC_WEAK = YES;
				CLANG_WARN_BLOCK_CAPTURE_AUTORELEASING = YES;
				CLANG_WARN_BOOL_CONVERSION = YES;
				CLANG_WARN_COMMA = YES;
				CLANG_WARN_CONSTANT_CONVERSION = YES;
				CLANG_WARN_DEPRECATED_OBJC_IMPLEMENTATIONS = YES;
				CLANG_WARN_DIRECT_OBJC_ISA_USAGE = YES_ERROR;
				CLANG_WARN_DOCUMENTATION_COMMENTS = YES;
				CLANG_WARN_EMPTY_BODY = YES;
				CLANG_WARN_ENUM_CONVERSION = YES;
				CLANG_WARN_INFINITE_RECURSION = YES;
				CLANG_WARN_INT_CONVERSION = YES;
				CLANG_WARN_NON_LITERAL_NULL_CONVERSION = YES;
				CLANG_WARN_OBJC_IMPLICIT_RETAIN_SELF = YES;
				CLANG_WARN_OBJC_LITERAL_CONVERSION = YES;
				CLANG_WARN_OBJC_ROOT_CLASS = YES_ERROR;
				CLANG_WARN_QUOTED_INCLUDE_IN_FRAMEWORK_HEADER = YES;
				CLANG_WARN_RANGE_LOOP_ANALYSIS = YES;
				CLANG_WARN_STRICT_PROTOTYPES = YES;
				CLANG_WARN_SUSPICIOUS_MOVE = YES;
				CLANG_WARN_UNGUARDED_AVAILABILITY = YES_AGGRESSIVE;
				CLANG_WARN_UNREACHABLE_CODE = YES;
				CLANG_WARN__DUPLICATE_METHOD_MATCH = YES;
				COPY_PHASE_STRIP = NO;
				DEBUG_INFORMATION_FORMAT = dwarf;
				ENABLE_STRICT_OBJC_MSGSEND = YES;
				ENABLE_TESTABILITY = YES;
				ENABLE_USER_SCRIPT_SANDBOXING = YES;
				GCC_C_LANGUAGE_STANDARD = gnu17;
				GCC_DYNAMIC_NO_PIC = NO;
				GCC_NO_COMMON_BLOCKS = YES;
				GCC_OPTIMIZATION_LEVEL = 0;
				GCC_PREPROCESSOR_DEFINITIONS = (
					"DEBUG=1",
					"$(inherited)",
				);
				GCC_WARN_64_TO_32_BIT_CONVERSION = YES;
				GCC_WARN_ABOUT_RETURN_TYPE = YES_ERROR;
				GCC_WARN_UNDECLARED_SELECTOR = YES;
				GCC_WARN_UNINITIALIZED_AUTOS = YES_AGGRESSIVE;
				GCC_WARN_UNUSED_FUNCTION = YES;
				GCC_WARN_UNUSED_VARIABLE = YES;
				IPHONEOS_DEPLOYMENT_TARGET = 17.0;
				LOCALIZATION_PREFERS_STRING_CATALOGS = YES;
				MTL_ENABLE_DEBUG_INFO = INCLUDE_SOURCE;
				MTL_FAST_MATH = YES;
				ONLY_ACTIVE_ARCH = YES;
				SDKROOT = iphoneos;
				SWIFT_ACTIVE_COMPILATION_CONDITIONS = "DEBUG $(inherited)";
				SWIFT_OPTIMIZATION_LEVEL = "-Onone";
			};
			name = Debug;
		};
		078F7F742A816D690097D6D4 /* Release */ = {
			isa = XCBuildConfiguration;
			buildSettings = {
				ALWAYS_SEARCH_USER_PATHS = NO;
				ASSETCATALOG_COMPILER_GENERATE_SWIFT_ASSET_SYMBOL_EXTENSIONS = YES;
				CLANG_ANALYZER_NONNULL = YES;
				CLANG_ANALYZER_NUMBER_OBJECT_CONVERSION = YES_AGGRESSIVE;
				CLANG_CXX_LANGUAGE_STANDARD = "gnu++20";
				CLANG_ENABLE_MODULES = YES;
				CLANG_ENABLE_OBJC_ARC = YES;
				CLANG_ENABLE_OBJC_WEAK = YES;
				CLANG_WARN_BLOCK_CAPTURE_AUTORELEASING = YES;
				CLANG_WARN_BOOL_CONVERSION = YES;
				CLANG_WARN_COMMA = YES;
				CLANG_WARN_CONSTANT_CONVERSION = YES;
				CLANG_WARN_DEPRECATED_OBJC_IMPLEMENTATIONS = YES;
				CLANG_WARN_DIRECT_OBJC_ISA_USAGE = YES_ERROR;
				CLANG_WARN_DOCUMENTATION_COMMENTS = YES;
				CLANG_WARN_EMPTY_BODY = YES;
				CLANG_WARN_ENUM_CONVERSION = YES;
				CLANG_WARN_INFINITE_RECURSION = YES;
				CLANG_WARN_INT_CONVERSION = YES;
				CLANG_WARN_NON_LITERAL_NULL_CONVERSION = YES;
				CLANG_WARN_OBJC_IMPLICIT_RETAIN_SELF = YES;
				CLANG_WARN_OBJC_LITERAL_CONVERSION = YES;
				CLANG_WARN_OBJC_ROOT_CLASS = YES_ERROR;
				CLANG_WARN_QUOTED_INCLUDE_IN_FRAMEWORK_HEADER = YES;
				CLANG_WARN_RANGE_LOOP_ANALYSIS = YES;
				CLANG_WARN_STRICT_PROTOTYPES = YES;
				CLANG_WARN_SUSPICIOUS_MOVE = YES;
				CLANG_WARN_UNGUARDED_AVAILABILITY = YES_AGGRESSIVE;
				CLANG_WARN_UNREACHABLE_CODE = YES;
				CLANG_WARN__DUPLICATE_METHOD_MATCH = YES;
				COPY_PHASE_STRIP = NO;
				DEBUG_INFORMATION_FORMAT = "dwarf-with-dsym";
				ENABLE_NS_ASSERTIONS = NO;
				ENABLE_STRICT_OBJC_MSGSEND = YES;
				ENABLE_USER_SCRIPT_SANDBOXING = YES;
				GCC_C_LANGUAGE_STANDARD = gnu17;
				GCC_NO_COMMON_BLOCKS = YES;
				GCC_WARN_64_TO_32_BIT_CONVERSION = YES;
				GCC_WARN_ABOUT_RETURN_TYPE = YES_ERROR;
				GCC_WARN_UNDECLARED_SELECTOR = YES;
				GCC_WARN_UNINITIALIZED_AUTOS = YES_AGGRESSIVE;
				GCC_WARN_UNUSED_FUNCTION = YES;
				GCC_WARN_UNUSED_VARIABLE = YES;
				IPHONEOS_DEPLOYMENT_TARGET = 17.0;
				LOCALIZATION_PREFERS_STRING_CATALOGS = YES;
				MTL_ENABLE_DEBUG_INFO = NO;
				MTL_FAST_MATH = YES;
				SDKROOT = iphoneos;
				SWIFT_COMPILATION_MODE = wholemodule;
				VALIDATE_PRODUCT = YES;
			};
			name = Release;
		};
		078F7F762A816D690097D6D4 /* Debug */ = {
			isa = XCBuildConfiguration;
			buildSettings = {
				ASSETCATALOG_COMPILER_APPICON_NAME = AppIcon;
				ASSETCATALOG_COMPILER_GLOBAL_ACCENT_COLOR_NAME = AccentColor;
				CODE_SIGN_STYLE = Automatic;
				CURRENT_PROJECT_VERSION = 1;
				DEVELOPMENT_TEAM = 29A9N8YV49;
				GENERATE_INFOPLIST_FILE = YES;
				INFOPLIST_FILE = "Film Sepetim/Info.plist";
				INFOPLIST_KEY_UIApplicationSupportsIndirectInputEvents = YES;
				INFOPLIST_KEY_UILaunchStoryboardName = LaunchScreen;
				INFOPLIST_KEY_UIMainStoryboardFile = Main;
				INFOPLIST_KEY_UISupportedInterfaceOrientations_iPad = "UIInterfaceOrientationPortrait UIInterfaceOrientationPortraitUpsideDown UIInterfaceOrientationLandscapeLeft UIInterfaceOrientationLandscapeRight";
				INFOPLIST_KEY_UISupportedInterfaceOrientations_iPhone = "UIInterfaceOrientationPortrait UIInterfaceOrientationLandscapeLeft UIInterfaceOrientationLandscapeRight";
				LD_RUNPATH_SEARCH_PATHS = (
					"$(inherited)",
					"@executable_path/Frameworks",
				);
				MARKETING_VERSION = 1.0;
				PRODUCT_BUNDLE_IDENTIFIER = "SY.Film-Sepetim";
				PRODUCT_NAME = "$(TARGET_NAME)";
				SWIFT_EMIT_LOC_STRINGS = YES;
				SWIFT_VERSION = 5.0;
				TARGETED_DEVICE_FAMILY = "1,2";
			};
			name = Debug;
		};
		078F7F772A816D690097D6D4 /* Release */ = {
			isa = XCBuildConfiguration;
			buildSettings = {
				ASSETCATALOG_COMPILER_APPICON_NAME = AppIcon;
				ASSETCATALOG_COMPILER_GLOBAL_ACCENT_COLOR_NAME = AccentColor;
				CODE_SIGN_STYLE = Automatic;
				CURRENT_PROJECT_VERSION = 1;
				DEVELOPMENT_TEAM = 29A9N8YV49;
				GENERATE_INFOPLIST_FILE = YES;
				INFOPLIST_FILE = "Film Sepetim/Info.plist";
				INFOPLIST_KEY_UIApplicationSupportsIndirectInputEvents = YES;
				INFOPLIST_KEY_UILaunchStoryboardName = LaunchScreen;
				INFOPLIST_KEY_UIMainStoryboardFile = Main;
				INFOPLIST_KEY_UISupportedInterfaceOrientations_iPad = "UIInterfaceOrientationPortrait UIInterfaceOrientationPortraitUpsideDown UIInterfaceOrientationLandscapeLeft UIInterfaceOrientationLandscapeRight";
				INFOPLIST_KEY_UISupportedInterfaceOrientations_iPhone = "UIInterfaceOrientationPortrait UIInterfaceOrientationLandscapeLeft UIInterfaceOrientationLandscapeRight";
				LD_RUNPATH_SEARCH_PATHS = (
					"$(inherited)",
					"@executable_path/Frameworks",
				);
				MARKETING_VERSION = 1.0;
				PRODUCT_BUNDLE_IDENTIFIER = "SY.Film-Sepetim";
				PRODUCT_NAME = "$(TARGET_NAME)";
				SWIFT_EMIT_LOC_STRINGS = YES;
				SWIFT_VERSION = 5.0;
				TARGETED_DEVICE_FAMILY = "1,2";
			};
			name = Release;
		};
		078F7F792A816D690097D6D4 /* Debug */ = {
			isa = XCBuildConfiguration;
			buildSettings = {
				ALWAYS_EMBED_SWIFT_STANDARD_LIBRARIES = YES;
				BUNDLE_LOADER = "$(TEST_HOST)";
				CODE_SIGN_STYLE = Automatic;
				CURRENT_PROJECT_VERSION = 1;
				DEVELOPMENT_TEAM = 29A9N8YV49;
				GENERATE_INFOPLIST_FILE = YES;
				IPHONEOS_DEPLOYMENT_TARGET = 17.0;
				MARKETING_VERSION = 1.0;
				PRODUCT_BUNDLE_IDENTIFIER = "SY.Film-SepetimTests";
				PRODUCT_NAME = "$(TARGET_NAME)";
				SWIFT_EMIT_LOC_STRINGS = NO;
				SWIFT_VERSION = 5.0;
				TARGETED_DEVICE_FAMILY = "1,2";
				TEST_HOST = "$(BUILT_PRODUCTS_DIR)/Film Sepetim.app/$(BUNDLE_EXECUTABLE_FOLDER_PATH)/Film Sepetim";
			};
			name = Debug;
		};
		078F7F7A2A816D690097D6D4 /* Release */ = {
			isa = XCBuildConfiguration;
			buildSettings = {
				ALWAYS_EMBED_SWIFT_STANDARD_LIBRARIES = YES;
				BUNDLE_LOADER = "$(TEST_HOST)";
				CODE_SIGN_STYLE = Automatic;
				CURRENT_PROJECT_VERSION = 1;
				DEVELOPMENT_TEAM = 29A9N8YV49;
				GENERATE_INFOPLIST_FILE = YES;
				IPHONEOS_DEPLOYMENT_TARGET = 17.0;
				MARKETING_VERSION = 1.0;
				PRODUCT_BUNDLE_IDENTIFIER = "SY.Film-SepetimTests";
				PRODUCT_NAME = "$(TARGET_NAME)";
				SWIFT_EMIT_LOC_STRINGS = NO;
				SWIFT_VERSION = 5.0;
				TARGETED_DEVICE_FAMILY = "1,2";
				TEST_HOST = "$(BUILT_PRODUCTS_DIR)/Film Sepetim.app/$(BUNDLE_EXECUTABLE_FOLDER_PATH)/Film Sepetim";
			};
			name = Release;
		};
		078F7F7C2A816D690097D6D4 /* Debug */ = {
			isa = XCBuildConfiguration;
			buildSettings = {
				ALWAYS_EMBED_SWIFT_STANDARD_LIBRARIES = YES;
				CODE_SIGN_STYLE = Automatic;
				CURRENT_PROJECT_VERSION = 1;
				DEVELOPMENT_TEAM = 29A9N8YV49;
				GENERATE_INFOPLIST_FILE = YES;
				MARKETING_VERSION = 1.0;
				PRODUCT_BUNDLE_IDENTIFIER = "SY.Film-SepetimUITests";
				PRODUCT_NAME = "$(TARGET_NAME)";
				SWIFT_EMIT_LOC_STRINGS = NO;
				SWIFT_VERSION = 5.0;
				TARGETED_DEVICE_FAMILY = "1,2";
				TEST_TARGET_NAME = "Film Sepetim";
			};
			name = Debug;
		};
		078F7F7D2A816D690097D6D4 /* Release */ = {
			isa = XCBuildConfiguration;
			buildSettings = {
				ALWAYS_EMBED_SWIFT_STANDARD_LIBRARIES = YES;
				CODE_SIGN_STYLE = Automatic;
				CURRENT_PROJECT_VERSION = 1;
				DEVELOPMENT_TEAM = 29A9N8YV49;
				GENERATE_INFOPLIST_FILE = YES;
				MARKETING_VERSION = 1.0;
				PRODUCT_BUNDLE_IDENTIFIER = "SY.Film-SepetimUITests";
				PRODUCT_NAME = "$(TARGET_NAME)";
				SWIFT_EMIT_LOC_STRINGS = NO;
				SWIFT_VERSION = 5.0;
				TARGETED_DEVICE_FAMILY = "1,2";
				TEST_TARGET_NAME = "Film Sepetim";
			};
			name = Release;
		};
/* End XCBuildConfiguration section */

/* Begin XCConfigurationList section */
		078F7F462A816D650097D6D4 /* Build configuration list for PBXProject "Film Sepetim" */ = {
			isa = XCConfigurationList;
			buildConfigurations = (
				078F7F732A816D690097D6D4 /* Debug */,
				078F7F742A816D690097D6D4 /* Release */,
			);
			defaultConfigurationIsVisible = 0;
			defaultConfigurationName = Release;
		};
		078F7F752A816D690097D6D4 /* Build configuration list for PBXNativeTarget "Film Sepetim" */ = {
			isa = XCConfigurationList;
			buildConfigurations = (
				078F7F762A816D690097D6D4 /* Debug */,
				078F7F772A816D690097D6D4 /* Release */,
			);
			defaultConfigurationIsVisible = 0;
			defaultConfigurationName = Release;
		};
		078F7F782A816D690097D6D4 /* Build configuration list for PBXNativeTarget "Film SepetimTests" */ = {
			isa = XCConfigurationList;
			buildConfigurations = (
				078F7F792A816D690097D6D4 /* Debug */,
				078F7F7A2A816D690097D6D4 /* Release */,
			);
			defaultConfigurationIsVisible = 0;
			defaultConfigurationName = Release;
		};
		078F7F7B2A816D690097D6D4 /* Build configuration list for PBXNativeTarget "Film SepetimUITests" */ = {
			isa = XCConfigurationList;
			buildConfigurations = (
				078F7F7C2A816D690097D6D4 /* Debug */,
				078F7F7D2A816D690097D6D4 /* Release */,
			);
			defaultConfigurationIsVisible = 0;
			defaultConfigurationName = Release;
		};
/* End XCConfigurationList section */
	};
	rootObject = 078F7F432A816D650097D6D4 /* Project object */;
}
